
Microsoft Visual Studio Solution File, Format Version 12.00
# Visual Studio Version 17
VisualStudioVersion = 17.5.002.0
MinimumVisualStudioVersion = 10.0.40219.1
Project("{9A19103F-16F7-4668-BE54-9A1E7A4F7556}") = "Library", "Library\Library.csproj", "{EF5C3264-A511-4C2B-81B2-9B123833AEDA}"
EndProject
Project("{9A19103F-16F7-4668-BE54-9A1E7A4F7556}") = "Program", "Program\Program.csproj", "{E736869B-5B5D-4700-874F-72CD7A86807D}"
EndProject
Global
	GlobalSection(SolutionConfigurationPlatforms) = preSolution
		Debug|Any CPU = Debug|Any CPU
		Release|Any CPU = Release|Any CPU
	EndGlobalSection
	GlobalSection(ProjectConfigurationPlatforms) = postSolution
		{EF5C3264-A511-4C2B-81B2-9B123833AEDA}.Debug|Any CPU.ActiveCfg = Debug|Any CPU
		{EF5C3264-A511-4C2B-81B2-9B123833AEDA}.Debug|Any CPU.Build.0 = Debug|Any CPU
		{EF5C3264-A511-4C2B-81B2-9B123833AEDA}.Release|Any CPU.ActiveCfg = Release|Any CPU
		{EF5C3264-A511-4C2B-81B2-9B123833AEDA}.Release|Any CPU.Build.0 = Release|Any CPU
		{E736869B-5B5D-4700-874F-72CD7A86807D}.Debug|Any CPU.ActiveCfg = Debug|Any CPU
		{E736869B-5B5D-4700-874F-72CD7A86807D}.Debug|Any CPU.Build.0 = Debug|Any CPU
		{E736869B-5B5D-4700-874F-72CD7A86807D}.Release|Any CPU.ActiveCfg = Release|Any CPU
		{E736869B-5B5D-4700-874F-72CD7A86807D}.Release|Any CPU.Build.0 = Release|Any CPU
	EndGlobalSection
	GlobalSection(SolutionProperties) = preSolution
		HideSolutionNode = FALSE
	EndGlobalSection
	GlobalSection(ExtensibilityGlobals) = postSolution
		SolutionGuid = {C67632A4-3AD0-4FD7-8297-D64EA26107BB}
	EndGlobalSection
EndGlobal
